// !$*UTF8*$!
{
	archiveVersion = 1;
	classes = {
	};
	objectVersion = 46;
	objects = {

/* Begin PBXBuildFile section */
		159952ABCB39125AF2A1AA68 /* Pods_CynimaticsUITests.framework in Frameworks */ = {isa = PBXBuildFile; fileRef = 3E873443725705FAE073508B /* Pods_CynimaticsUITests.framework */; };
		2CCE4E7A4701E3AD15B9F823 /* Pods_Cynimatics.framework in Frameworks */ = {isa = PBXBuildFile; fileRef = 6765E2538318337690F2E9A7 /* Pods_Cynimatics.framework */; };
		450D118C1F6A615900E8C605 /* AppDelegate.swift in Sources */ = {isa = PBXBuildFile; fileRef = 450D118B1F6A615900E8C605 /* AppDelegate.swift */; };
		450D11911F6A615900E8C605 /* Main.storyboard in Resources */ = {isa = PBXBuildFile; fileRef = 450D118F1F6A615900E8C605 /* Main.storyboard */; };
		450D11931F6A615900E8C605 /* Assets.xcassets in Resources */ = {isa = PBXBuildFile; fileRef = 450D11921F6A615900E8C605 /* Assets.xcassets */; };
		450D11961F6A615900E8C605 /* LaunchScreen.storyboard in Resources */ = {isa = PBXBuildFile; fileRef = 450D11941F6A615900E8C605 /* LaunchScreen.storyboard */; };
		450D11A11F6A615900E8C605 /* CynimaticsTests.swift in Sources */ = {isa = PBXBuildFile; fileRef = 450D11A01F6A615900E8C605 /* CynimaticsTests.swift */; };
		450D11AC1F6A615900E8C605 /* CynimaticsUITests.swift in Sources */ = {isa = PBXBuildFile; fileRef = 450D11AB1F6A615900E8C605 /* CynimaticsUITests.swift */; };
		450D11BA1F6A623000E8C605 /* MoviesViewController.swift in Sources */ = {isa = PBXBuildFile; fileRef = 450D11B91F6A623000E8C605 /* MoviesViewController.swift */; };
		450D11BE1F6A6DD000E8C605 /* Movie.swift in Sources */ = {isa = PBXBuildFile; fileRef = 450D11BD1F6A6DD000E8C605 /* Movie.swift */; };
		450D11C01F6A71FA00E8C605 /* README.md in Sources */ = {isa = PBXBuildFile; fileRef = 450D11BF1F6A71FA00E8C605 /* README.md */; };
		456BDA621F6BAB5400BDA8EB /* MovieViewController.swift in Sources */ = {isa = PBXBuildFile; fileRef = 456BDA611F6BAB5400BDA8EB /* MovieViewController.swift */; };
		457D082D1F6B966B00C861FD /* MovieTableViewCell.swift in Sources */ = {isa = PBXBuildFile; fileRef = 457D082C1F6B966B00C861FD /* MovieTableViewCell.swift */; };
		CF11C71FDF9F8AD3A935AF95 /* Pods_CynimaticsTests.framework in Frameworks */ = {isa = PBXBuildFile; fileRef = D89A907F8E14D75AF47D8E2C /* Pods_CynimaticsTests.framework */; };
/* End PBXBuildFile section */

/* Begin PBXContainerItemProxy section */
		450D119D1F6A615900E8C605 /* PBXContainerItemProxy */ = {
			isa = PBXContainerItemProxy;
			containerPortal = 450D11801F6A615900E8C605 /* Project object */;
			proxyType = 1;
			remoteGlobalIDString = 450D11871F6A615900E8C605;
			remoteInfo = Cynimatics;
		};
		450D11A81F6A615900E8C605 /* PBXContainerItemProxy */ = {
			isa = PBXContainerItemProxy;
			containerPortal = 450D11801F6A615900E8C605 /* Project object */;
			proxyType = 1;
			remoteGlobalIDString = 450D11871F6A615900E8C605;
			remoteInfo = Cynimatics;
		};
/* End PBXContainerItemProxy section */

/* Begin PBXFileReference section */
		16B57373465D80423FDD6DBA /* Pods-CynimaticsTests.debug.xcconfig */ = {isa = PBXFileReference; includeInIndex = 1; lastKnownFileType = text.xcconfig; name = "Pods-CynimaticsTests.debug.xcconfig"; path = "Pods/Target Support Files/Pods-CynimaticsTests/Pods-CynimaticsTests.debug.xcconfig"; sourceTree = "<group>"; };
		2C477398D966B8953EDE2939 /* Pods-CynimaticsUITests.release.xcconfig */ = {isa = PBXFileReference; includeInIndex = 1; lastKnownFileType = text.xcconfig; name = "Pods-CynimaticsUITests.release.xcconfig"; path = "Pods/Target Support Files/Pods-CynimaticsUITests/Pods-CynimaticsUITests.release.xcconfig"; sourceTree = "<group>"; };
		3E873443725705FAE073508B /* Pods_CynimaticsUITests.framework */ = {isa = PBXFileReference; explicitFileType = wrapper.framework; includeInIndex = 0; path = Pods_CynimaticsUITests.framework; sourceTree = BUILT_PRODUCTS_DIR; };
		450D11881F6A615900E8C605 /* Cynimatics.app */ = {isa = PBXFileReference; explicitFileType = wrapper.application; includeInIndex = 0; path = Cynimatics.app; sourceTree = BUILT_PRODUCTS_DIR; };
		450D118B1F6A615900E8C605 /* AppDelegate.swift */ = {isa = PBXFileReference; lastKnownFileType = sourcecode.swift; path = AppDelegate.swift; sourceTree = "<group>"; };
		450D11901F6A615900E8C605 /* Base */ = {isa = PBXFileReference; lastKnownFileType = file.storyboard; name = Base; path = Base.lproj/Main.storyboard; sourceTree = "<group>"; };
		450D11921F6A615900E8C605 /* Assets.xcassets */ = {isa = PBXFileReference; lastKnownFileType = folder.assetcatalog; path = Assets.xcassets; sourceTree = "<group>"; };
		450D11951F6A615900E8C605 /* Base */ = {isa = PBXFileReference; lastKnownFileType = file.storyboard; name = Base; path = Base.lproj/LaunchScreen.storyboard; sourceTree = "<group>"; };
		450D11971F6A615900E8C605 /* Info.plist */ = {isa = PBXFileReference; lastKnownFileType = text.plist.xml; path = Info.plist; sourceTree = "<group>"; };
		450D119C1F6A615900E8C605 /* CynimaticsTests.xctest */ = {isa = PBXFileReference; explicitFileType = wrapper.cfbundle; includeInIndex = 0; path = CynimaticsTests.xctest; sourceTree = BUILT_PRODUCTS_DIR; };
		450D11A01F6A615900E8C605 /* CynimaticsTests.swift */ = {isa = PBXFileReference; lastKnownFileType = sourcecode.swift; path = CynimaticsTests.swift; sourceTree = "<group>"; };
		450D11A21F6A615900E8C605 /* Info.plist */ = {isa = PBXFileReference; lastKnownFileType = text.plist.xml; path = Info.plist; sourceTree = "<group>"; };
		450D11A71F6A615900E8C605 /* CynimaticsUITests.xctest */ = {isa = PBXFileReference; explicitFileType = wrapper.cfbundle; includeInIndex = 0; path = CynimaticsUITests.xctest; sourceTree = BUILT_PRODUCTS_DIR; };
		450D11AB1F6A615900E8C605 /* CynimaticsUITests.swift */ = {isa = PBXFileReference; lastKnownFileType = sourcecode.swift; path = CynimaticsUITests.swift; sourceTree = "<group>"; };
		450D11AD1F6A615900E8C605 /* Info.plist */ = {isa = PBXFileReference; lastKnownFileType = text.plist.xml; path = Info.plist; sourceTree = "<group>"; };
		450D11B91F6A623000E8C605 /* MoviesViewController.swift */ = {isa = PBXFileReference; fileEncoding = 4; lastKnownFileType = sourcecode.swift; path = MoviesViewController.swift; sourceTree = "<group>"; };
		450D11BD1F6A6DD000E8C605 /* Movie.swift */ = {isa = PBXFileReference; fileEncoding = 4; lastKnownFileType = sourcecode.swift; path = Movie.swift; sourceTree = "<group>"; };
		450D11BF1F6A71FA00E8C605 /* README.md */ = {isa = PBXFileReference; fileEncoding = 4; lastKnownFileType = net.daringfireball.markdown; path = README.md; sourceTree = "<group>"; };
		456BDA611F6BAB5400BDA8EB /* MovieViewController.swift */ = {isa = PBXFileReference; fileEncoding = 4; lastKnownFileType = sourcecode.swift; path = MovieViewController.swift; sourceTree = "<group>"; };
		457D082C1F6B966B00C861FD /* MovieTableViewCell.swift */ = {isa = PBXFileReference; fileEncoding = 4; lastKnownFileType = sourcecode.swift; path = MovieTableViewCell.swift; sourceTree = "<group>"; };
		5D7BE9D3CBC82594697AE8E3 /* Pods-CynimaticsTests.release.xcconfig */ = {isa = PBXFileReference; includeInIndex = 1; lastKnownFileType = text.xcconfig; name = "Pods-CynimaticsTests.release.xcconfig"; path = "Pods/Target Support Files/Pods-CynimaticsTests/Pods-CynimaticsTests.release.xcconfig"; sourceTree = "<group>"; };
		6765E2538318337690F2E9A7 /* Pods_Cynimatics.framework */ = {isa = PBXFileReference; explicitFileType = wrapper.framework; includeInIndex = 0; path = Pods_Cynimatics.framework; sourceTree = BUILT_PRODUCTS_DIR; };
		7A7D8FE0AFF0610DA017FE01 /* Pods-Cynimatics.release.xcconfig */ = {isa = PBXFileReference; includeInIndex = 1; lastKnownFileType = text.xcconfig; name = "Pods-Cynimatics.release.xcconfig"; path = "Pods/Target Support Files/Pods-Cynimatics/Pods-Cynimatics.release.xcconfig"; sourceTree = "<group>"; };
		9DD2D001D34D1E68BF3C9279 /* Pods-CynimaticsUITests.debug.xcconfig */ = {isa = PBXFileReference; includeInIndex = 1; lastKnownFileType = text.xcconfig; name = "Pods-CynimaticsUITests.debug.xcconfig"; path = "Pods/Target Support Files/Pods-CynimaticsUITests/Pods-CynimaticsUITests.debug.xcconfig"; sourceTree = "<group>"; };
		C8D532FFFCD4916CD76C7F0C /* Pods-Cynimatics.debug.xcconfig */ = {isa = PBXFileReference; includeInIndex = 1; lastKnownFileType = text.xcconfig; name = "Pods-Cynimatics.debug.xcconfig"; path = "Pods/Target Support Files/Pods-Cynimatics/Pods-Cynimatics.debug.xcconfig"; sourceTree = "<group>"; };
		D89A907F8E14D75AF47D8E2C /* Pods_CynimaticsTests.framework */ = {isa = PBXFileReference; explicitFileType = wrapper.framework; includeInIndex = 0; path = Pods_CynimaticsTests.framework; sourceTree = BUILT_PRODUCTS_DIR; };
/* End PBXFileReference section */

/* Begin PBXFrameworksBuildPhase section */
		450D11851F6A615900E8C605 /* Frameworks */ = {
			isa = PBXFrameworksBuildPhase;
			buildActionMask = 2147483647;
			files = (
				2CCE4E7A4701E3AD15B9F823 /* Pods_Cynimatics.framework in Frameworks */,
			);
			runOnlyForDeploymentPostprocessing = 0;
		};
		450D11991F6A615900E8C605 /* Frameworks */ = {
			isa = PBXFrameworksBuildPhase;
			buildActionMask = 2147483647;
			files = (
				CF11C71FDF9F8AD3A935AF95 /* Pods_CynimaticsTests.framework in Frameworks */,
			);
			runOnlyForDeploymentPostprocessing = 0;
		};
		450D11A41F6A615900E8C605 /* Frameworks */ = {
			isa = PBXFrameworksBuildPhase;
			buildActionMask = 2147483647;
			files = (
				159952ABCB39125AF2A1AA68 /* Pods_CynimaticsUITests.framework in Frameworks */,
			);
			runOnlyForDeploymentPostprocessing = 0;
		};
/* End PBXFrameworksBuildPhase section */

/* Begin PBXGroup section */
		450D117F1F6A615900E8C605 = {
			isa = PBXGroup;
			children = (
				450D11BF1F6A71FA00E8C605 /* README.md */,
				450D118A1F6A615900E8C605 /* Cynimatics */,
				450D119F1F6A615900E8C605 /* CynimaticsTests */,
				450D11AA1F6A615900E8C605 /* CynimaticsUITests */,
				450D11891F6A615900E8C605 /* Products */,
				816DCE2DBC1F9192D65A6984 /* Pods */,
				B10DF81C4DD8465B8200BF45 /* Frameworks */,
			);
			sourceTree = "<group>";
		};
		450D11891F6A615900E8C605 /* Products */ = {
			isa = PBXGroup;
			children = (
				450D11881F6A615900E8C605 /* Cynimatics.app */,
				450D119C1F6A615900E8C605 /* CynimaticsTests.xctest */,
				450D11A71F6A615900E8C605 /* CynimaticsUITests.xctest */,
			);
			name = Products;
			sourceTree = "<group>";
		};
		450D118A1F6A615900E8C605 /* Cynimatics */ = {
			isa = PBXGroup;
			children = (
				457D08301F6B996F00C861FD /* Models */,
				457D082F1F6B996500C861FD /* Controllers */,
				457D082E1F6B995F00C861FD /* Views */,
				450D118B1F6A615900E8C605 /* AppDelegate.swift */,
				450D118F1F6A615900E8C605 /* Main.storyboard */,
				450D11921F6A615900E8C605 /* Assets.xcassets */,
				450D11941F6A615900E8C605 /* LaunchScreen.storyboard */,
				450D11971F6A615900E8C605 /* Info.plist */,
			);
			path = Cynimatics;
			sourceTree = "<group>";
		};
		450D119F1F6A615900E8C605 /* CynimaticsTests */ = {
			isa = PBXGroup;
			children = (
				450D11A01F6A615900E8C605 /* CynimaticsTests.swift */,
				450D11A21F6A615900E8C605 /* Info.plist */,
			);
			path = CynimaticsTests;
			sourceTree = "<group>";
		};
		450D11AA1F6A615900E8C605 /* CynimaticsUITests */ = {
			isa = PBXGroup;
			children = (
				450D11AB1F6A615900E8C605 /* CynimaticsUITests.swift */,
				450D11AD1F6A615900E8C605 /* Info.plist */,
			);
			path = CynimaticsUITests;
			sourceTree = "<group>";
		};
		457D082E1F6B995F00C861FD /* Views */ = {
			isa = PBXGroup;
			children = (
				457D082C1F6B966B00C861FD /* MovieTableViewCell.swift */,
			);
			name = Views;
			sourceTree = "<group>";
		};
		457D082F1F6B996500C861FD /* Controllers */ = {
			isa = PBXGroup;
			children = (
				450D11B91F6A623000E8C605 /* MoviesViewController.swift */,
				456BDA611F6BAB5400BDA8EB /* MovieViewController.swift */,
			);
			name = Controllers;
			sourceTree = "<group>";
		};
		457D08301F6B996F00C861FD /* Models */ = {
			isa = PBXGroup;
			children = (
				450D11BD1F6A6DD000E8C605 /* Movie.swift */,
			);
			name = Models;
			sourceTree = "<group>";
		};
		816DCE2DBC1F9192D65A6984 /* Pods */ = {
			isa = PBXGroup;
			children = (
				C8D532FFFCD4916CD76C7F0C /* Pods-Cynimatics.debug.xcconfig */,
				7A7D8FE0AFF0610DA017FE01 /* Pods-Cynimatics.release.xcconfig */,
				16B57373465D80423FDD6DBA /* Pods-CynimaticsTests.debug.xcconfig */,
				5D7BE9D3CBC82594697AE8E3 /* Pods-CynimaticsTests.release.xcconfig */,
				9DD2D001D34D1E68BF3C9279 /* Pods-CynimaticsUITests.debug.xcconfig */,
				2C477398D966B8953EDE2939 /* Pods-CynimaticsUITests.release.xcconfig */,
			);
			name = Pods;
			sourceTree = "<group>";
		};
		B10DF81C4DD8465B8200BF45 /* Frameworks */ = {
			isa = PBXGroup;
			children = (
				6765E2538318337690F2E9A7 /* Pods_Cynimatics.framework */,
				D89A907F8E14D75AF47D8E2C /* Pods_CynimaticsTests.framework */,
				3E873443725705FAE073508B /* Pods_CynimaticsUITests.framework */,
			);
			name = Frameworks;
			sourceTree = "<group>";
		};
/* End PBXGroup section */

/* Begin PBXNativeTarget section */
		450D11871F6A615900E8C605 /* Cynimatics */ = {
			isa = PBXNativeTarget;
			buildConfigurationList = 450D11B01F6A615900E8C605 /* Build configuration list for PBXNativeTarget "Cynimatics" */;
			buildPhases = (
				80527D7ECD9B1B93CC5E1874 /* [CP] Check Pods Manifest.lock */,
				450D11841F6A615900E8C605 /* Sources */,
				450D11851F6A615900E8C605 /* Frameworks */,
				450D11861F6A615900E8C605 /* Resources */,
				91415F688821FD4182C7A18A /* [CP] Embed Pods Frameworks */,
				1152793917EE6CD2C8C3D18D /* [CP] Copy Pods Resources */,
			);
			buildRules = (
			);
			dependencies = (
			);
			name = Cynimatics;
			productName = Cynimatics;
			productReference = 450D11881F6A615900E8C605 /* Cynimatics.app */;
			productType = "com.apple.product-type.application";
		};
		450D119B1F6A615900E8C605 /* CynimaticsTests */ = {
			isa = PBXNativeTarget;
			buildConfigurationList = 450D11B31F6A615900E8C605 /* Build configuration list for PBXNativeTarget "CynimaticsTests" */;
			buildPhases = (
				82FB58CD5B23698BC49E6EA8 /* [CP] Check Pods Manifest.lock */,
				450D11981F6A615900E8C605 /* Sources */,
				450D11991F6A615900E8C605 /* Frameworks */,
				450D119A1F6A615900E8C605 /* Resources */,
				6F6DCDB6E77405737A57A89B /* [CP] Embed Pods Frameworks */,
				73A18105B83B46E48120BDBA /* [CP] Copy Pods Resources */,
			);
			buildRules = (
			);
			dependencies = (
				450D119E1F6A615900E8C605 /* PBXTargetDependency */,
			);
			name = CynimaticsTests;
			productName = CynimaticsTests;
			productReference = 450D119C1F6A615900E8C605 /* CynimaticsTests.xctest */;
			productType = "com.apple.product-type.bundle.unit-test";
		};
		450D11A61F6A615900E8C605 /* CynimaticsUITests */ = {
			isa = PBXNativeTarget;
			buildConfigurationList = 450D11B61F6A615900E8C605 /* Build configuration list for PBXNativeTarget "CynimaticsUITests" */;
			buildPhases = (
				B9A2A484B023990649C4182D /* [CP] Check Pods Manifest.lock */,
				450D11A31F6A615900E8C605 /* Sources */,
				450D11A41F6A615900E8C605 /* Frameworks */,
				450D11A51F6A615900E8C605 /* Resources */,
				00789885D6DB62DAB44CBBDB /* [CP] Embed Pods Frameworks */,
				C9285FAC7555937782448486 /* [CP] Copy Pods Resources */,
			);
			buildRules = (
			);
			dependencies = (
				450D11A91F6A615900E8C605 /* PBXTargetDependency */,
			);
			name = CynimaticsUITests;
			productName = CynimaticsUITests;
			productReference = 450D11A71F6A615900E8C605 /* CynimaticsUITests.xctest */;
			productType = "com.apple.product-type.bundle.ui-testing";
		};
/* End PBXNativeTarget section */

/* Begin PBXProject section */
		450D11801F6A615900E8C605 /* Project object */ = {
			isa = PBXProject;
			attributes = {
				LastSwiftUpdateCheck = 0830;
				LastUpgradeCheck = 0830;
				ORGANIZATIONNAME = "Mushaheed Kapadia";
				TargetAttributes = {
					450D11871F6A615900E8C605 = {
						CreatedOnToolsVersion = 8.3.3;
						ProvisioningStyle = Automatic;
					};
					450D119B1F6A615900E8C605 = {
						CreatedOnToolsVersion = 8.3.3;
						ProvisioningStyle = Automatic;
						TestTargetID = 450D11871F6A615900E8C605;
					};
					450D11A61F6A615900E8C605 = {
						CreatedOnToolsVersion = 8.3.3;
						ProvisioningStyle = Automatic;
						TestTargetID = 450D11871F6A615900E8C605;
					};
				};
			};
			buildConfigurationList = 450D11831F6A615900E8C605 /* Build configuration list for PBXProject "Cynimatics" */;
			compatibilityVersion = "Xcode 3.2";
			developmentRegion = English;
			hasScannedForEncodings = 0;
			knownRegions = (
				en,
				Base,
			);
			mainGroup = 450D117F1F6A615900E8C605;
			productRefGroup = 450D11891F6A615900E8C605 /* Products */;
			projectDirPath = "";
			projectRoot = "";
			targets = (
				450D11871F6A615900E8C605 /* Cynimatics */,
				450D119B1F6A615900E8C605 /* CynimaticsTests */,
				450D11A61F6A615900E8C605 /* CynimaticsUITests */,
			);
		};
/* End PBXProject section */

/* Begin PBXResourcesBuildPhase section */
		450D11861F6A615900E8C605 /* Resources */ = {
			isa = PBXResourcesBuildPhase;
			buildActionMask = 2147483647;
			files = (
				450D11961F6A615900E8C605 /* LaunchScreen.storyboard in Resources */,
				450D11931F6A615900E8C605 /* Assets.xcassets in Resources */,
				450D11911F6A615900E8C605 /* Main.storyboard in Resources */,
			);
			runOnlyForDeploymentPostprocessing = 0;
		};
		450D119A1F6A615900E8C605 /* Resources */ = {
			isa = PBXResourcesBuildPhase;
			buildActionMask = 2147483647;
			files = (
			);
			runOnlyForDeploymentPostprocessing = 0;
		};
		450D11A51F6A615900E8C605 /* Resources */ = {
			isa = PBXResourcesBuildPhase;
			buildActionMask = 2147483647;
			files = (
			);
			runOnlyForDeploymentPostprocessing = 0;
		};
/* End PBXResourcesBuildPhase section */

/* Begin PBXShellScriptBuildPhase section */
		00789885D6DB62DAB44CBBDB /* [CP] Embed Pods Frameworks */ = {
			isa = PBXShellScriptBuildPhase;
			buildActionMask = 2147483647;
			files = (
			);
			inputPaths = (
			);
			name = "[CP] Embed Pods Frameworks";
			outputPaths = (
			);
			runOnlyForDeploymentPostprocessing = 0;
			shellPath = /bin/sh;
			shellScript = "\"${SRCROOT}/Pods/Target Support Files/Pods-CynimaticsUITests/Pods-CynimaticsUITests-frameworks.sh\"\n";
			showEnvVarsInLog = 0;
		};
		1152793917EE6CD2C8C3D18D /* [CP] Copy Pods Resources */ = {
			isa = PBXShellScriptBuildPhase;
			buildActionMask = 2147483647;
			files = (
			);
			inputPaths = (
			);
			name = "[CP] Copy Pods Resources";
			outputPaths = (
			);
			runOnlyForDeploymentPostprocessing = 0;
			shellPath = /bin/sh;
			shellScript = "\"${SRCROOT}/Pods/Target Support Files/Pods-Cynimatics/Pods-Cynimatics-resources.sh\"\n";
			showEnvVarsInLog = 0;
		};
		6F6DCDB6E77405737A57A89B /* [CP] Embed Pods Frameworks */ = {
			isa = PBXShellScriptBuildPhase;
			buildActionMask = 2147483647;
			files = (
			);
			inputPaths = (
			);
			name = "[CP] Embed Pods Frameworks";
			outputPaths = (
			);
			runOnlyForDeploymentPostprocessing = 0;
			shellPath = /bin/sh;
			shellScript = "\"${SRCROOT}/Pods/Target Support Files/Pods-CynimaticsTests/Pods-CynimaticsTests-frameworks.sh\"\n";
			showEnvVarsInLog = 0;
		};
		73A18105B83B46E48120BDBA /* [CP] Copy Pods Resources */ = {
			isa = PBXShellScriptBuildPhase;
			buildActionMask = 2147483647;
			files = (
			);
			inputPaths = (
			);
			name = "[CP] Copy Pods Resources";
			outputPaths = (
			);
			runOnlyForDeploymentPostprocessing = 0;
			shellPath = /bin/sh;
			shellScript = "\"${SRCROOT}/Pods/Target Support Files/Pods-CynimaticsTests/Pods-CynimaticsTests-resources.sh\"\n";
			showEnvVarsInLog = 0;
		};
		80527D7ECD9B1B93CC5E1874 /* [CP] Check Pods Manifest.lock */ = {
			isa = PBXShellScriptBuildPhase;
			buildActionMask = 2147483647;
			files = (
			);
			inputPaths = (
				"${PODS_PODFILE_DIR_PATH}/Podfile.lock",
				"${PODS_ROOT}/Manifest.lock",
			);
			name = "[CP] Check Pods Manifest.lock";
			outputPaths = (
				"$(DERIVED_FILE_DIR)/Pods-Cynimatics-checkManifestLockResult.txt",
			);
			runOnlyForDeploymentPostprocessing = 0;
			shellPath = /bin/sh;
			shellScript = "diff \"${PODS_PODFILE_DIR_PATH}/Podfile.lock\" \"${PODS_ROOT}/Manifest.lock\" > /dev/null\nif [ $? != 0 ] ; then\n    # print error to STDERR\n    echo \"error: The sandbox is not in sync with the Podfile.lock. Run 'pod install' or update your CocoaPods installation.\" >&2\n    exit 1\nfi\n# This output is used by Xcode 'outputs' to avoid re-running this script phase.\necho \"SUCCESS\" > \"${SCRIPT_OUTPUT_FILE_0}\"\n";
			showEnvVarsInLog = 0;
		};
		82FB58CD5B23698BC49E6EA8 /* [CP] Check Pods Manifest.lock */ = {
			isa = PBXShellScriptBuildPhase;
			buildActionMask = 2147483647;
			files = (
			);
			inputPaths = (
				"${PODS_PODFILE_DIR_PATH}/Podfile.lock",
				"${PODS_ROOT}/Manifest.lock",
			);
			name = "[CP] Check Pods Manifest.lock";
			outputPaths = (
				"$(DERIVED_FILE_DIR)/Pods-CynimaticsTests-checkManifestLockResult.txt",
			);
			runOnlyForDeploymentPostprocessing = 0;
			shellPath = /bin/sh;
			shellScript = "diff \"${PODS_PODFILE_DIR_PATH}/Podfile.lock\" \"${PODS_ROOT}/Manifest.lock\" > /dev/null\nif [ $? != 0 ] ; then\n    # print error to STDERR\n    echo \"error: The sandbox is not in sync with the Podfile.lock. Run 'pod install' or update your CocoaPods installation.\" >&2\n    exit 1\nfi\n# This output is used by Xcode 'outputs' to avoid re-running this script phase.\necho \"SUCCESS\" > \"${SCRIPT_OUTPUT_FILE_0}\"\n";
			showEnvVarsInLog = 0;
		};
		91415F688821FD4182C7A18A /* [CP] Embed Pods Frameworks */ = {
			isa = PBXShellScriptBuildPhase;
			buildActionMask = 2147483647;
			files = (
			);
			inputPaths = (
				"${SRCROOT}/Pods/Target Support Files/Pods-Cynimatics/Pods-Cynimatics-frameworks.sh",
				"${BUILT_PRODUCTS_DIR}/AFNetworking/AFNetworking.framework",
			);
			name = "[CP] Embed Pods Frameworks";
			outputPaths = (
				"${TARGET_BUILD_DIR}/${FRAMEWORKS_FOLDER_PATH}/AFNetworking.framework",
			);
			runOnlyForDeploymentPostprocessing = 0;
			shellPath = /bin/sh;
			shellScript = "\"${SRCROOT}/Pods/Target Support Files/Pods-Cynimatics/Pods-Cynimatics-frameworks.sh\"\n";
			showEnvVarsInLog = 0;
		};
		B9A2A484B023990649C4182D /* [CP] Check Pods Manifest.lock */ = {
			isa = PBXShellScriptBuildPhase;
			buildActionMask = 2147483647;
			files = (
			);
			inputPaths = (
				"${PODS_PODFILE_DIR_PATH}/Podfile.lock",
				"${PODS_ROOT}/Manifest.lock",
			);
			name = "[CP] Check Pods Manifest.lock";
			outputPaths = (
				"$(DERIVED_FILE_DIR)/Pods-CynimaticsUITests-checkManifestLockResult.txt",
			);
			runOnlyForDeploymentPostprocessing = 0;
			shellPath = /bin/sh;
			shellScript = "diff \"${PODS_PODFILE_DIR_PATH}/Podfile.lock\" \"${PODS_ROOT}/Manifest.lock\" > /dev/null\nif [ $? != 0 ] ; then\n    # print error to STDERR\n    echo \"error: The sandbox is not in sync with the Podfile.lock. Run 'pod install' or update your CocoaPods installation.\" >&2\n    exit 1\nfi\n# This output is used by Xcode 'outputs' to avoid re-running this script phase.\necho \"SUCCESS\" > \"${SCRIPT_OUTPUT_FILE_0}\"\n";
			showEnvVarsInLog = 0;
		};
		C9285FAC7555937782448486 /* [CP] Copy Pods Resources */ = {
			isa = PBXShellScriptBuildPhase;
			buildActionMask = 2147483647;
			files = (
			);
			inputPaths = (
			);
			name = "[CP] Copy Pods Resources";
			outputPaths = (
			);
			runOnlyForDeploymentPostprocessing = 0;
			shellPath = /bin/sh;
			shellScript = "\"${SRCROOT}/Pods/Target Support Files/Pods-CynimaticsUITests/Pods-CynimaticsUITests-resources.sh\"\n";
			showEnvVarsInLog = 0;
		};
/* End PBXShellScriptBuildPhase section */

/* Begin PBXSourcesBuildPhase section */
		450D11841F6A615900E8C605 /* Sources */ = {
			isa = PBXSourcesBuildPhase;
			buildActionMask = 2147483647;
			files = (
				457D082D1F6B966B00C861FD /* MovieTableViewCell.swift in Sources */,
				450D118C1F6A615900E8C605 /* AppDelegate.swift in Sources */,
				450D11BA1F6A623000E8C605 /* MoviesViewController.swift in Sources */,
				450D11C01F6A71FA00E8C605 /* README.md in Sources */,
				450D11BE1F6A6DD000E8C605 /* Movie.swift in Sources */,
				456BDA621F6BAB5400BDA8EB /* MovieViewController.swift in Sources */,
			);
			runOnlyForDeploymentPostprocessing = 0;
		};
		450D11981F6A615900E8C605 /* Sources */ = {
			isa = PBXSourcesBuildPhase;
			buildActionMask = 2147483647;
			files = (
				450D11A11F6A615900E8C605 /* CynimaticsTests.swift in Sources */,
			);
			runOnlyForDeploymentPostprocessing = 0;
		};
		450D11A31F6A615900E8C605 /* Sources */ = {
			isa = PBXSourcesBuildPhase;
			buildActionMask = 2147483647;
			files = (
				450D11AC1F6A615900E8C605 /* CynimaticsUITests.swift in Sources */,
			);
			runOnlyForDeploymentPostprocessing = 0;
		};
/* End PBXSourcesBuildPhase section */

/* Begin PBXTargetDependency section */
		450D119E1F6A615900E8C605 /* PBXTargetDependency */ = {
			isa = PBXTargetDependency;
			target = 450D11871F6A615900E8C605 /* Cynimatics */;
			targetProxy = 450D119D1F6A615900E8C605 /* PBXContainerItemProxy */;
		};
		450D11A91F6A615900E8C605 /* PBXTargetDependency */ = {
			isa = PBXTargetDependency;
			target = 450D11871F6A615900E8C605 /* Cynimatics */;
			targetProxy = 450D11A81F6A615900E8C605 /* PBXContainerItemProxy */;
		};
/* End PBXTargetDependency section */

/* Begin PBXVariantGroup section */
		450D118F1F6A615900E8C605 /* Main.storyboard */ = {
			isa = PBXVariantGroup;
			children = (
				450D11901F6A615900E8C605 /* Base */,
			);
			name = Main.storyboard;
			sourceTree = "<group>";
		};
		450D11941F6A615900E8C605 /* LaunchScreen.storyboard */ = {
			isa = PBXVariantGroup;
			children = (
				450D11951F6A615900E8C605 /* Base */,
			);
			name = LaunchScreen.storyboard;
			sourceTree = "<group>";
		};
/* End PBXVariantGroup section */

/* Begin XCBuildConfiguration section */
		450D11AE1F6A615900E8C605 /* Debug */ = {
			isa = XCBuildConfiguration;
			buildSettings = {
				ALWAYS_SEARCH_USER_PATHS = NO;
				CLANG_ANALYZER_NONNULL = YES;
				CLANG_ANALYZER_NUMBER_OBJECT_CONVERSION = YES_AGGRESSIVE;
				CLANG_CXX_LANGUAGE_STANDARD = "gnu++0x";
				CLANG_CXX_LIBRARY = "libc++";
				CLANG_ENABLE_MODULES = YES;
				CLANG_ENABLE_OBJC_ARC = YES;
				CLANG_WARN_BOOL_CONVERSION = YES;
				CLANG_WARN_CONSTANT_CONVERSION = YES;
				CLANG_WARN_DIRECT_OBJC_ISA_USAGE = YES_ERROR;
				CLANG_WARN_DOCUMENTATION_COMMENTS = YES;
				CLANG_WARN_EMPTY_BODY = YES;
				CLANG_WARN_ENUM_CONVERSION = YES;
				CLANG_WARN_INFINITE_RECURSION = YES;
				CLANG_WARN_INT_CONVERSION = YES;
				CLANG_WARN_OBJC_ROOT_CLASS = YES_ERROR;
				CLANG_WARN_SUSPICIOUS_MOVE = YES;
				CLANG_WARN_UNREACHABLE_CODE = YES;
				CLANG_WARN__DUPLICATE_METHOD_MATCH = YES;
				"CODE_SIGN_IDENTITY[sdk=iphoneos*]" = "iPhone Developer";
				COPY_PHASE_STRIP = NO;
				DEBUG_INFORMATION_FORMAT = dwarf;
				ENABLE_STRICT_OBJC_MSGSEND = YES;
				ENABLE_TESTABILITY = YES;
				GCC_C_LANGUAGE_STANDARD = gnu99;
				GCC_DYNAMIC_NO_PIC = NO;
				GCC_NO_COMMON_BLOCKS = YES;
				GCC_OPTIMIZATION_LEVEL = 0;
				GCC_PREPROCESSOR_DEFINITIONS = (
					"DEBUG=1",
					"$(inherited)",
				);
				GCC_WARN_64_TO_32_BIT_CONVERSION = YES;
				GCC_WARN_ABOUT_RETURN_TYPE = YES_ERROR;
				GCC_WARN_UNDECLARED_SELECTOR = YES;
				GCC_WARN_UNINITIALIZED_AUTOS = YES_AGGRESSIVE;
				GCC_WARN_UNUSED_FUNCTION = YES;
				GCC_WARN_UNUSED_VARIABLE = YES;
				IPHONEOS_DEPLOYMENT_TARGET = 10.3;
				MTL_ENABLE_DEBUG_INFO = YES;
				ONLY_ACTIVE_ARCH = YES;
				SDKROOT = iphoneos;
				SWIFT_ACTIVE_COMPILATION_CONDITIONS = DEBUG;
				SWIFT_OPTIMIZATION_LEVEL = "-Onone";
			};
			name = Debug;
		};
		450D11AF1F6A615900E8C605 /* Release */ = {
			isa = XCBuildConfiguration;
			buildSettings = {
				ALWAYS_SEARCH_USER_PATHS = NO;
				CLANG_ANALYZER_NONNULL = YES;
				CLANG_ANALYZER_NUMBER_OBJECT_CONVERSION = YES_AGGRESSIVE;
				CLANG_CXX_LANGUAGE_STANDARD = "gnu++0x";
				CLANG_CXX_LIBRARY = "libc++";
				CLANG_ENABLE_MODULES = YES;
				CLANG_ENABLE_OBJC_ARC = YES;
				CLANG_WARN_BOOL_CONVERSION = YES;
				CLANG_WARN_CONSTANT_CONVERSION = YES;
				CLANG_WARN_DIRECT_OBJC_ISA_USAGE = YES_ERROR;
				CLANG_WARN_DOCUMENTATION_COMMENTS = YES;
				CLANG_WARN_EMPTY_BODY = YES;
				CLANG_WARN_ENUM_CONVERSION = YES;
				CLANG_WARN_INFINITE_RECURSION = YES;
				CLANG_WARN_INT_CONVERSION = YES;
				CLANG_WARN_OBJC_ROOT_CLASS = YES_ERROR;
				CLANG_WARN_SUSPICIOUS_MOVE = YES;
				CLANG_WARN_UNREACHABLE_CODE = YES;
				CLANG_WARN__DUPLICATE_METHOD_MATCH = YES;
				"CODE_SIGN_IDENTITY[sdk=iphoneos*]" = "iPhone Developer";
				COPY_PHASE_STRIP = NO;
				DEBUG_INFORMATION_FORMAT = "dwarf-with-dsym";
				ENABLE_NS_ASSERTIONS = NO;
				ENABLE_STRICT_OBJC_MSGSEND = YES;
				GCC_C_LANGUAGE_STANDARD = gnu99;
				GCC_NO_COMMON_BLOCKS = YES;
				GCC_WARN_64_TO_32_BIT_CONVERSION = YES;
				GCC_WARN_ABOUT_RETURN_TYPE = YES_ERROR;
				GCC_WARN_UNDECLARED_SELECTOR = YES;
				GCC_WARN_UNINITIALIZED_AUTOS = YES_AGGRESSIVE;
				GCC_WARN_UNUSED_FUNCTION = YES;
				GCC_WARN_UNUSED_VARIABLE = YES;
				IPHONEOS_DEPLOYMENT_TARGET = 10.3;
				MTL_ENABLE_DEBUG_INFO = NO;
				SDKROOT = iphoneos;
				SWIFT_OPTIMIZATION_LEVEL = "-Owholemodule";
				VALIDATE_PRODUCT = YES;
			};
			name = Release;
		};
		450D11B11F6A615900E8C605 /* Debug */ = {
			isa = XCBuildConfiguration;
			baseConfigurationReference = C8D532FFFCD4916CD76C7F0C /* Pods-Cynimatics.debug.xcconfig */;
			buildSettings = {
				ASSETCATALOG_COMPILER_APPICON_NAME = AppIcon;
				INFOPLIST_FILE = Cynimatics/Info.plist;
				LD_RUNPATH_SEARCH_PATHS = "$(inherited) @executable_path/Frameworks";
				PRODUCT_BUNDLE_IDENTIFIER = com.mushaheedkapdia.Cynimatics;
				PRODUCT_NAME = "$(TARGET_NAME)";
				SWIFT_VERSION = 3.0;
			};
			name = Debug;
		};
		450D11B21F6A615900E8C605 /* Release */ = {
			isa = XCBuildConfiguration;
			baseConfigurationReference = 7A7D8FE0AFF0610DA017FE01 /* Pods-Cynimatics.release.xcconfig */;
			buildSettings = {
				ASSETCATALOG_COMPILER_APPICON_NAME = AppIcon;
				INFOPLIST_FILE = Cynimatics/Info.plist;
				LD_RUNPATH_SEARCH_PATHS = "$(inherited) @executable_path/Frameworks";
				PRODUCT_BUNDLE_IDENTIFIER = com.mushaheedkapdia.Cynimatics;
				PRODUCT_NAME = "$(TARGET_NAME)";
				SWIFT_VERSION = 3.0;
			};
			name = Release;
		};
		450D11B41F6A615900E8C605 /* Debug */ = {
			isa = XCBuildConfiguration;
			baseConfigurationReference = 16B57373465D80423FDD6DBA /* Pods-CynimaticsTests.debug.xcconfig */;
			buildSettings = {
				ALWAYS_EMBED_SWIFT_STANDARD_LIBRARIES = YES;
				BUNDLE_LOADER = "$(TEST_HOST)";
				INFOPLIST_FILE = CynimaticsTests/Info.plist;
				LD_RUNPATH_SEARCH_PATHS = "$(inherited) @executable_path/Frameworks @loader_path/Frameworks";
				PRODUCT_BUNDLE_IDENTIFIER = com.mushaheedkapdia.CynimaticsTests;
				PRODUCT_NAME = "$(TARGET_NAME)";
				SWIFT_VERSION = 3.0;
				TEST_HOST = "$(BUILT_PRODUCTS_DIR)/Cynimatics.app/Cynimatics";
			};
			name = Debug;
		};
		450D11B51F6A615900E8C605 /* Release */ = {
			isa = XCBuildConfiguration;
			baseConfigurationReference = 5D7BE9D3CBC82594697AE8E3 /* Pods-CynimaticsTests.release.xcconfig */;
			buildSettings = {
				ALWAYS_EMBED_SWIFT_STANDARD_LIBRARIES = YES;
				BUNDLE_LOADER = "$(TEST_HOST)";
				INFOPLIST_FILE = CynimaticsTests/Info.plist;
				LD_RUNPATH_SEARCH_PATHS = "$(inherited) @executable_path/Frameworks @loader_path/Frameworks";
				PRODUCT_BUNDLE_IDENTIFIER = com.mushaheedkapdia.CynimaticsTests;
				PRODUCT_NAME = "$(TARGET_NAME)";
				SWIFT_VERSION = 3.0;
				TEST_HOST = "$(BUILT_PRODUCTS_DIR)/Cynimatics.app/Cynimatics";
			};
			name = Release;
		};
		450D11B71F6A615900E8C605 /* Debug */ = {
			isa = XCBuildConfiguration;
			baseConfigurationReference = 9DD2D001D34D1E68BF3C9279 /* Pods-CynimaticsUITests.debug.xcconfig */;
			buildSettings = {
				ALWAYS_EMBED_SWIFT_STANDARD_LIBRARIES = YES;
				INFOPLIST_FILE = CynimaticsUITests/Info.plist;
				LD_RUNPATH_SEARCH_PATHS = "$(inherited) @executable_path/Frameworks @loader_path/Frameworks";
				PRODUCT_BUNDLE_IDENTIFIER = com.mushaheedkapdia.CynimaticsUITests;
				PRODUCT_NAME = "$(TARGET_NAME)";
				SWIFT_VERSION = 3.0;
				TEST_TARGET_NAME = Cynimatics;
			};
			name = Debug;
		};
		450D11B81F6A615900E8C605 /* Release */ = {
			isa = XCBuildConfiguration;
			baseConfigurationReference = 2C477398D966B8953EDE2939 /* Pods-CynimaticsUITests.release.xcconfig */;
			buildSettings = {
				ALWAYS_EMBED_SWIFT_STANDARD_LIBRARIES = YES;
				INFOPLIST_FILE = CynimaticsUITests/Info.plist;
				LD_RUNPATH_SEARCH_PATHS = "$(inherited) @executable_path/Frameworks @loader_path/Frameworks";
				PRODUCT_BUNDLE_IDENTIFIER = com.mushaheedkapdia.CynimaticsUITests;
				PRODUCT_NAME = "$(TARGET_NAME)";
				SWIFT_VERSION = 3.0;
				TEST_TARGET_NAME = Cynimatics;
			};
			name = Release;
		};
/* End XCBuildConfiguration section */

/* Begin XCConfigurationList section */
		450D11831F6A615900E8C605 /* Build configuration list for PBXProject "Cynimatics" */ = {
			isa = XCConfigurationList;
			buildConfigurations = (
				450D11AE1F6A615900E8C605 /* Debug */,
				450D11AF1F6A615900E8C605 /* Release */,
			);
			defaultConfigurationIsVisible = 0;
			defaultConfigurationName = Release;
		};
		450D11B01F6A615900E8C605 /* Build configuration list for PBXNativeTarget "Cynimatics" */ = {
			isa = XCConfigurationList;
			buildConfigurations = (
				450D11B11F6A615900E8C605 /* Debug */,
				450D11B21F6A615900E8C605 /* Release */,
			);
			defaultConfigurationIsVisible = 0;
			defaultConfigurationName = Release;
		};
		450D11B31F6A615900E8C605 /* Build configuration list for PBXNativeTarget "CynimaticsTests" */ = {
			isa = XCConfigurationList;
			buildConfigurations = (
				450D11B41F6A615900E8C605 /* Debug */,
				450D11B51F6A615900E8C605 /* Release */,
			);
			defaultConfigurationIsVisible = 0;
			defaultConfigurationName = Release;
		};
		450D11B61F6A615900E8C605 /* Build configuration list for PBXNativeTarget "CynimaticsUITests" */ = {
			isa = XCConfigurationList;
			buildConfigurations = (
				450D11B71F6A615900E8C605 /* Debug */,
				450D11B81F6A615900E8C605 /* Release */,
			);
			defaultConfigurationIsVisible = 0;
			defaultConfigurationName = Release;
		};
/* End XCConfigurationList section */
	};
	rootObject = 450D11801F6A615900E8C605 /* Project object */;
}
